// !$*UTF8*$!
{
	archiveVersion = 1;
	classes = {
	};
	objectVersion = 46;
	objects = {

/* Begin PBXBuildFile section */
		CE6E57CD1DC8BFB6001B9809 /* AppDelegate.swift in Sources */ = {isa = PBXBuildFile; fileRef = CE6E57CC1DC8BFB6001B9809 /* AppDelegate.swift */; };
		CE6E57CF1DC8BFB6001B9809 /* ViewController.swift in Sources */ = {isa = PBXBuildFile; fileRef = CE6E57CE1DC8BFB6001B9809 /* ViewController.swift */; };
		CE6E57D21DC8BFB6001B9809 /* Main.storyboard in Resources */ = {isa = PBXBuildFile; fileRef = CE6E57D01DC8BFB6001B9809 /* Main.storyboard */; };
		CE6E57D51DC8BFB6001B9809 /* DoIt.xcdatamodeld in Sources */ = {isa = PBXBuildFile; fileRef = CE6E57D31DC8BFB6001B9809 /* DoIt.xcdatamodeld */; };
		CE6E57D71DC8BFB7001B9809 /* Assets.xcassets in Resources */ = {isa = PBXBuildFile; fileRef = CE6E57D61DC8BFB7001B9809 /* Assets.xcassets */; };
		CE6E57DA1DC8BFB7001B9809 /* LaunchScreen.storyboard in Resources */ = {isa = PBXBuildFile; fileRef = CE6E57D81DC8BFB7001B9809 /* LaunchScreen.storyboard */; };
/* End PBXBuildFile section */

/* Begin PBXFileReference section */
		CE6E57C91DC8BFB6001B9809 /* DoIt.app */ = {isa = PBXFileReference; explicitFileType = wrapper.application; includeInIndex = 0; path = DoIt.app; sourceTree = BUILT_PRODUCTS_DIR; };
		CE6E57CC1DC8BFB6001B9809 /* AppDelegate.swift */ = {isa = PBXFileReference; lastKnownFileType = sourcecode.swift; path = AppDelegate.swift; sourceTree = "<group>"; };
		CE6E57CE1DC8BFB6001B9809 /* ViewController.swift */ = {isa = PBXFileReference; lastKnownFileType = sourcecode.swift; path = ViewController.swift; sourceTree = "<group>"; };
		CE6E57D11DC8BFB6001B9809 /* Base */ = {isa = PBXFileReference; lastKnownFileType = file.storyboard; name = Base; path = Base.lproj/Main.storyboard; sourceTree = "<group>"; };
		CE6E57D41DC8BFB6001B9809 /* DoIt.xcdatamodel */ = {isa = PBXFileReference; lastKnownFileType = wrapper.xcdatamodel; path = DoIt.xcdatamodel; sourceTree = "<group>"; };
		CE6E57D61DC8BFB7001B9809 /* Assets.xcassets */ = {isa = PBXFileReference; lastKnownFileType = folder.assetcatalog; path = Assets.xcassets; sourceTree = "<group>"; };
		CE6E57D91DC8BFB7001B9809 /* Base */ = {isa = PBXFileReference; lastKnownFileType = file.storyboard; name = Base; path = Base.lproj/LaunchScreen.storyboard; sourceTree = "<group>"; };
		CE6E57DB1DC8BFB7001B9809 /* Info.plist */ = {isa = PBXFileReference; lastKnownFileType = text.plist.xml; path = Info.plist; sourceTree = "<group>"; };
/* End PBXFileReference section */

/* Begin PBXFrameworksBuildPhase section */
		CE6E57C61DC8BFB6001B9809 /* Frameworks */ = {
			isa = PBXFrameworksBuildPhase;
			buildActionMask = 2147483647;
			files = (
			);
			runOnlyForDeploymentPostprocessing = 0;
		};
/* End PBXFrameworksBuildPhase section */

/* Begin PBXGroup section */
		CE6E57C01DC8BFB6001B9809 = {
			isa = PBXGroup;
			children = (
				CE6E57CB1DC8BFB6001B9809 /* DoIt */,
				CE6E57CA1DC8BFB6001B9809 /* Products */,
			);
			sourceTree = "<group>";
		};
		CE6E57CA1DC8BFB6001B9809 /* Products */ = {
			isa = PBXGroup;
			children = (
				CE6E57C91DC8BFB6001B9809 /* DoIt.app */,
			);
			name = Products;
			sourceTree = "<group>";
		};
		CE6E57CB1DC8BFB6001B9809 /* DoIt */ = {
			isa = PBXGroup;
			children = (
				CE6E57CC1DC8BFB6001B9809 /* AppDelegate.swift */,
				CE6E57CE1DC8BFB6001B9809 /* ViewController.swift */,
				CE6E57D01DC8BFB6001B9809 /* Main.storyboard */,
				CE6E57D61DC8BFB7001B9809 /* Assets.xcassets */,
				CE6E57D81DC8BFB7001B9809 /* LaunchScreen.storyboard */,
				CE6E57DB1DC8BFB7001B9809 /* Info.plist */,
				CE6E57D31DC8BFB6001B9809 /* DoIt.xcdatamodeld */,
			);
			path = DoIt;
			sourceTree = "<group>";
		};
/* End PBXGroup section */

/* Begin PBXNativeTarget section */
		CE6E57C81DC8BFB6001B9809 /* DoIt */ = {
			isa = PBXNativeTarget;
			buildConfigurationList = CE6E57DE1DC8BFB7001B9809 /* Build configuration list for PBXNativeTarget "DoIt" */;
			buildPhases = (
				CE6E57C51DC8BFB6001B9809 /* Sources */,
				CE6E57C61DC8BFB6001B9809 /* Frameworks */,
				CE6E57C71DC8BFB6001B9809 /* Resources */,
			);
			buildRules = (
			);
			dependencies = (
			);
			name = DoIt;
			productName = DoIt;
			productReference = CE6E57C91DC8BFB6001B9809 /* DoIt.app */;
			productType = "com.apple.product-type.application";
		};
/* End PBXNativeTarget section */

/* Begin PBXProject section */
		CE6E57C11DC8BFB6001B9809 /* Project object */ = {
			isa = PBXProject;
			attributes = {
				LastSwiftUpdateCheck = 0800;
				LastUpgradeCheck = 0800;
				ORGANIZATIONNAME = "Sofie Code";
				TargetAttributes = {
					CE6E57C81DC8BFB6001B9809 = {
						CreatedOnToolsVersion = 8.0;
						ProvisioningStyle = Automatic;
					};
				};
			};
			buildConfigurationList = CE6E57C41DC8BFB6001B9809 /* Build configuration list for PBXProject "DoIt" */;
			compatibilityVersion = "Xcode 3.2";
			developmentRegion = English;
			hasScannedForEncodings = 0;
			knownRegions = (
				en,
				Base,
			);
			mainGroup = CE6E57C01DC8BFB6001B9809;
			productRefGroup = CE6E57CA1DC8BFB6001B9809 /* Products */;
			projectDirPath = "";
			projectRoot = "";
			targets = (
				CE6E57C81DC8BFB6001B9809 /* DoIt */,
			);
		};
/* End PBXProject section */

/* Begin PBXResourcesBuildPhase section */
		CE6E57C71DC8BFB6001B9809 /* Resources */ = {
			isa = PBXResourcesBuildPhase;
			buildActionMask = 2147483647;
			files = (
				CE6E57DA1DC8BFB7001B9809 /* LaunchScreen.storyboard in Resources */,
				CE6E57D71DC8BFB7001B9809 /* Assets.xcassets in Resources */,
				CE6E57D21DC8BFB6001B9809 /* Main.storyboard in Resources */,
			);
			runOnlyForDeploymentPostprocessing = 0;
		};
/* End PBXResourcesBuildPhase section */

/* Begin PBXSourcesBuildPhase section */
		CE6E57C51DC8BFB6001B9809 /* Sources */ = {
			isa = PBXSourcesBuildPhase;
			buildActionMask = 2147483647;
			files = (
				CE6E57D51DC8BFB6001B9809 /* DoIt.xcdatamodeld in Sources */,
				CE6E57CF1DC8BFB6001B9809 /* ViewController.swift in Sources */,
				CE6E57CD1DC8BFB6001B9809 /* AppDelegate.swift in Sources */,
			);
			runOnlyForDeploymentPostprocessing = 0;
		};
/* End PBXSourcesBuildPhase section */

/* Begin PBXVariantGroup section */
		CE6E57D01DC8BFB6001B9809 /* Main.storyboard */ = {
			isa = PBXVariantGroup;
			children = (
				CE6E57D11DC8BFB6001B9809 /* Base */,
			);
			name = Main.storyboard;
			sourceTree = "<group>";
		};
		CE6E57D81DC8BFB7001B9809 /* LaunchScreen.storyboard */ = {
			isa = PBXVariantGroup;
			children = (
				CE6E57D91DC8BFB7001B9809 /* Base */,
			);
			name = LaunchScreen.storyboard;
			sourceTree = "<group>";
		};
/* End PBXVariantGroup section */

/* Begin XCBuildConfiguration section */
		CE6E57DC1DC8BFB7001B9809 /* Debug */ = {
			isa = XCBuildConfiguration;
			buildSettings = {
				ALWAYS_SEARCH_USER_PATHS = NO;
				CLANG_ANALYZER_NONNULL = YES;
				CLANG_CXX_LANGUAGE_STANDARD = "gnu++0x";
				CLANG_CXX_LIBRARY = "libc++";
				CLANG_ENABLE_MODULES = YES;
				CLANG_ENABLE_OBJC_ARC = YES;
				CLANG_WARN_BOOL_CONVERSION = YES;
				CLANG_WARN_CONSTANT_CONVERSION = YES;
				CLANG_WARN_DIRECT_OBJC_ISA_USAGE = YES_ERROR;
				CLANG_WARN_DOCUMENTATION_COMMENTS = YES;
				CLANG_WARN_EMPTY_BODY = YES;
				CLANG_WARN_ENUM_CONVERSION = YES;
				CLANG_WARN_INFINITE_RECURSION = YES;
				CLANG_WARN_INT_CONVERSION = YES;
				CLANG_WARN_OBJC_ROOT_CLASS = YES_ERROR;
				CLANG_WARN_SUSPICIOUS_MOVES = YES;
				CLANG_WARN_UNREACHABLE_CODE = YES;
				CLANG_WARN__DUPLICATE_METHOD_MATCH = YES;
				"CODE_SIGN_IDENTITY[sdk=iphoneos*]" = "iPhone Developer";
				COPY_PHASE_STRIP = NO;
				DEBUG_INFORMATION_FORMAT = dwarf;
				ENABLE_STRICT_OBJC_MSGSEND = YES;
				ENABLE_TESTABILITY = YES;
				GCC_C_LANGUAGE_STANDARD = gnu99;
				GCC_DYNAMIC_NO_PIC = NO;
				GCC_NO_COMMON_BLOCKS = YES;
				GCC_OPTIMIZATION_LEVEL = 0;
				GCC_PREPROCESSOR_DEFINITIONS = (
					"DEBUG=1",
					"$(inherited)",
				);
				GCC_WARN_64_TO_32_BIT_CONVERSION = YES;
				GCC_WARN_ABOUT_RETURN_TYPE = YES_ERROR;
				GCC_WARN_UNDECLARED_SELECTOR = YES;
				GCC_WARN_UNINITIALIZED_AUTOS = YES_AGGRESSIVE;
				GCC_WARN_UNUSED_FUNCTION = YES;
				GCC_WARN_UNUSED_VARIABLE = YES;
				IPHONEOS_DEPLOYMENT_TARGET = 10.0;
				MTL_ENABLE_DEBUG_INFO = YES;
				ONLY_ACTIVE_ARCH = YES;
				SDKROOT = iphoneos;
				SWIFT_ACTIVE_COMPILATION_CONDITIONS = DEBUG;
				SWIFT_OPTIMIZATION_LEVEL = "-Onone";
				TARGETED_DEVICE_FAMILY = "1,2";
			};
			name = Debug;
		};
		CE6E57DD1DC8BFB7001B9809 /* Release */ = {
			isa = XCBuildConfiguration;
			buildSettings = {
				ALWAYS_SEARCH_USER_PATHS = NO;
				CLANG_ANALYZER_NONNULL = YES;
				CLANG_CXX_LANGUAGE_STANDARD = "gnu++0x";
				CLANG_CXX_LIBRARY = "libc++";
				CLANG_ENABLE_MODULES = YES;
				CLANG_ENABLE_OBJC_ARC = YES;
				CLANG_WARN_BOOL_CONVERSION = YES;
				CLANG_WARN_CONSTANT_CONVERSION = YES;
				CLANG_WARN_DIRECT_OBJC_ISA_USAGE = YES_ERROR;
				CLANG_WARN_DOCUMENTATION_COMMENTS = YES;
				CLANG_WARN_EMPTY_BODY = YES;
				CLANG_WARN_ENUM_CONVERSION = YES;
				CLANG_WARN_INFINITE_RECURSION = YES;
				CLANG_WARN_INT_CONVERSION = YES;
				CLANG_WARN_OBJC_ROOT_CLASS = YES_ERROR;
				CLANG_WARN_SUSPICIOUS_MOVES = YES;
				CLANG_WARN_UNREACHABLE_CODE = YES;
				CLANG_WARN__DUPLICATE_METHOD_MATCH = YES;
				"CODE_SIGN_IDENTITY[sdk=iphoneos*]" = "iPhone Developer";
				COPY_PHASE_STRIP = NO;
				DEBUG_INFORMATION_FORMAT = "dwarf-with-dsym";
				ENABLE_NS_ASSERTIONS = NO;
				ENABLE_STRICT_OBJC_MSGSEND = YES;
				GCC_C_LANGUAGE_STANDARD = gnu99;
				GCC_NO_COMMON_BLOCKS = YES;
				GCC_WARN_64_TO_32_BIT_CONVERSION = YES;
				GCC_WARN_ABOUT_RETURN_TYPE = YES_ERROR;
				GCC_WARN_UNDECLARED_SELECTOR = YES;
				GCC_WARN_UNINITIALIZED_AUTOS = YES_AGGRESSIVE;
				GCC_WARN_UNUSED_FUNCTION = YES;
				GCC_WARN_UNUSED_VARIABLE = YES;
				IPHONEOS_DEPLOYMENT_TARGET = 10.0;
				MTL_ENABLE_DEBUG_INFO = NO;
				SDKROOT = iphoneos;
				SWIFT_OPTIMIZATION_LEVEL = "-Owholemodule";
				TARGETED_DEVICE_FAMILY = "1,2";
				VALIDATE_PRODUCT = YES;
			};
			name = Release;
		};
		CE6E57DF1DC8BFB7001B9809 /* Debug */ = {
			isa = XCBuildConfiguration;
			buildSettings = {
				ASSETCATALOG_COMPILER_APPICON_NAME = AppIcon;
				INFOPLIST_FILE = DoIt/Info.plist;
				LD_RUNPATH_SEARCH_PATHS = "$(inherited) @executable_path/Frameworks";
				PRODUCT_BUNDLE_IDENTIFIER = dk.hafstroem.Sofie.DoIt;
				PRODUCT_NAME = "$(TARGET_NAME)";
				SWIFT_VERSION = 3.0;
			};
			name = Debug;
		};
		CE6E57E01DC8BFB7001B9809 /* Release */ = {
			isa = XCBuildConfiguration;
			buildSettings = {
				ASSETCATALOG_COMPILER_APPICON_NAME = AppIcon;
				INFOPLIST_FILE = DoIt/Info.plist;
				LD_RUNPATH_SEARCH_PATHS = "$(inherited) @executable_path/Frameworks";
				PRODUCT_BUNDLE_IDENTIFIER = dk.hafstroem.Sofie.DoIt;
				PRODUCT_NAME = "$(TARGET_NAME)";
				SWIFT_VERSION = 3.0;
			};
			name = Release;
		};
/* End XCBuildConfiguration section */

/* Begin XCConfigurationList section */
		CE6E57C41DC8BFB6001B9809 /* Build configuration list for PBXProject "DoIt" */ = {
			isa = XCConfigurationList;
			buildConfigurations = (
				CE6E57DC1DC8BFB7001B9809 /* Debug */,
				CE6E57DD1DC8BFB7001B9809 /* Release */,
			);
			defaultConfigurationIsVisible = 0;
			defaultConfigurationName = Release;
		};
		CE6E57DE1DC8BFB7001B9809 /* Build configuration list for PBXNativeTarget "DoIt" */ = {
			isa = XCConfigurationList;
			buildConfigurations = (
				CE6E57DF1DC8BFB7001B9809 /* Debug */,
				CE6E57E01DC8BFB7001B9809 /* Release */,
			);
			defaultConfigurationIsVisible = 0;
		};
/* End XCConfigurationList section */

/* Begin XCVersionGroup section */
		CE6E57D31DC8BFB6001B9809 /* DoIt.xcdatamodeld */ = {
			isa = XCVersionGroup;
			children = (
				CE6E57D41DC8BFB6001B9809 /* DoIt.xcdatamodel */,
			);
			currentVersion = CE6E57D41DC8BFB6001B9809 /* DoIt.xcdatamodel */;
			path = DoIt.xcdatamodeld;
			sourceTree = "<group>";
			versionGroupType = wrapper.xcdatamodel;
		};
/* End XCVersionGroup section */
	};
	rootObject = CE6E57C11DC8BFB6001B9809 /* Project object */;
}
